
Microsoft Visual Studio Solution File, Format Version 11.00
# Visual Studio 2010
Project("{FAE04EC0-301F-11D3-BF4B-00C04F79EFBC}") = "configtool", "configtool\configtool.csproj", "{7D771167-8E5C-4FF2-97F6-812FDA481750}"
EndProject
Global
	GlobalSection(SolutionConfigurationPlatforms) = preSolution
		Debug|Any CPU = Debug|Any CPU
		Release|Any CPU = Release|Any CPU
	EndGlobalSection
	GlobalSection(ProjectConfigurationPlatforms) = postSolution
		{7D771167-8E5C-4FF2-97F6-812FDA481750}.Debug|Any CPU.ActiveCfg = Debug|Any CPU
		{7D771167-8E5C-4FF2-97F6-812FDA481750}.Debug|Any CPU.Build.0 = Debug|Any CPU
		{7D771167-8E5C-4FF2-97F6-812FDA481750}.Release|Any CPU.ActiveCfg = Release|Any CPU
		{7D771167-8E5C-4FF2-97F6-812FDA481750}.Release|Any CPU.Build.0 = Release|Any CPU
	EndGlobalSection
	GlobalSection(SolutionProperties) = preSolution
		HideSolutionNode = FALSE
	EndGlobalSection
EndGlobal
